
Microsoft Visual Studio Solution File, Format Version 12.00
# Visual Studio 15
VisualStudioVersion = 15.0.28307.329
MinimumVisualStudioVersion = 10.0.40219.1
Project("{FAE04EC0-301F-11D3-BF4B-00C04F79EFBC}") = "27.02.19_HW", "27.02.19_HW\27.02.19_HW.csproj", "{38DA8DD4-B96F-47D5-B1F9-61D370386CFF}"
EndProject
Global
	GlobalSection(SolutionConfigurationPlatforms) = preSolution
		Debug|Any CPU = Debug|Any CPU
		Release|Any CPU = Release|Any CPU
	EndGlobalSection
	GlobalSection(ProjectConfigurationPlatforms) = postSolution
		{38DA8DD4-B96F-47D5-B1F9-61D370386CFF}.Debug|Any CPU.ActiveCfg = Debug|Any CPU
		{38DA8DD4-B96F-47D5-B1F9-61D370386CFF}.Debug|Any CPU.Build.0 = Debug|Any CPU
		{38DA8DD4-B96F-47D5-B1F9-61D370386CFF}.Release|Any CPU.ActiveCfg = Release|Any CPU
		{38DA8DD4-B96F-47D5-B1F9-61D370386CFF}.Release|Any CPU.Build.0 = Release|Any CPU
	EndGlobalSection
	GlobalSection(SolutionProperties) = preSolution
		HideSolutionNode = FALSE
	EndGlobalSection
	GlobalSection(ExtensibilityGlobals) = postSolution
		SolutionGuid = {680D93B0-EE10-4512-8FE5-4E75C85CBE5D}
	EndGlobalSection
EndGlobal
